
Microsoft Visual Studio Solution File, Format Version 12.00
# Visual Studio 15
VisualStudioVersion = 15.0.28307.168
MinimumVisualStudioVersion = 10.0.40219.1
Project("{FAE04EC0-301F-11D3-BF4B-00C04F79EFBC}") = "Flujo", "Flujo\Flujo.csproj", "{B1964A88-11D2-4F74-9F7C-632597A4EFF2}"
EndProject
Project("{FAE04EC0-301F-11D3-BF4B-00C04F79EFBC}") = "Streamreader", "StreamReader\Streamreader.csproj", "{3B3D54CC-4FF5-43C6-9EB5-706CCCF2C39E}"
EndProject
Project("{FAE04EC0-301F-11D3-BF4B-00C04F79EFBC}") = "EscribirArchivo", "EscribirArchivo\EscribirArchivo.csproj", "{3D4BC7B5-EF93-45A0-AC6F-E2E8E22749B6}"
EndProject
Project("{FAE04EC0-301F-11D3-BF4B-00C04F79EFBC}") = "Memoria", "Memoria\Memoria.csproj", "{AEAA867B-4ACE-48A7-8CB4-907C8719FA16}"
EndProject
Global
	GlobalSection(SolutionConfigurationPlatforms) = preSolution
		Debug|Any CPU = Debug|Any CPU
		Release|Any CPU = Release|Any CPU
	EndGlobalSection
	GlobalSection(ProjectConfigurationPlatforms) = postSolution
		{B1964A88-11D2-4F74-9F7C-632597A4EFF2}.Debug|Any CPU.ActiveCfg = Debug|Any CPU
		{B1964A88-11D2-4F74-9F7C-632597A4EFF2}.Debug|Any CPU.Build.0 = Debug|Any CPU
		{B1964A88-11D2-4F74-9F7C-632597A4EFF2}.Release|Any CPU.ActiveCfg = Release|Any CPU
		{B1964A88-11D2-4F74-9F7C-632597A4EFF2}.Release|Any CPU.Build.0 = Release|Any CPU
		{3B3D54CC-4FF5-43C6-9EB5-706CCCF2C39E}.Debug|Any CPU.ActiveCfg = Debug|Any CPU
		{3B3D54CC-4FF5-43C6-9EB5-706CCCF2C39E}.Debug|Any CPU.Build.0 = Debug|Any CPU
		{3B3D54CC-4FF5-43C6-9EB5-706CCCF2C39E}.Release|Any CPU.ActiveCfg = Release|Any CPU
		{3B3D54CC-4FF5-43C6-9EB5-706CCCF2C39E}.Release|Any CPU.Build.0 = Release|Any CPU
		{3D4BC7B5-EF93-45A0-AC6F-E2E8E22749B6}.Debug|Any CPU.ActiveCfg = Debug|Any CPU
		{3D4BC7B5-EF93-45A0-AC6F-E2E8E22749B6}.Debug|Any CPU.Build.0 = Debug|Any CPU
		{3D4BC7B5-EF93-45A0-AC6F-E2E8E22749B6}.Release|Any CPU.ActiveCfg = Release|Any CPU
		{3D4BC7B5-EF93-45A0-AC6F-E2E8E22749B6}.Release|Any CPU.Build.0 = Release|Any CPU
		{AEAA867B-4ACE-48A7-8CB4-907C8719FA16}.Debug|Any CPU.ActiveCfg = Debug|Any CPU
		{AEAA867B-4ACE-48A7-8CB4-907C8719FA16}.Debug|Any CPU.Build.0 = Debug|Any CPU
		{AEAA867B-4ACE-48A7-8CB4-907C8719FA16}.Release|Any CPU.ActiveCfg = Release|Any CPU
		{AEAA867B-4ACE-48A7-8CB4-907C8719FA16}.Release|Any CPU.Build.0 = Release|Any CPU
	EndGlobalSection
	GlobalSection(SolutionProperties) = preSolution
		HideSolutionNode = FALSE
	EndGlobalSection
	GlobalSection(ExtensibilityGlobals) = postSolution
		SolutionGuid = {75C29ED9-3E54-48C1-95DE-9B75B9365563}
	EndGlobalSection
EndGlobal
